
Microsoft Visual Studio Solution File, Format Version 12.00
# Visual Studio Version 17
VisualStudioVersion = 17.9.34714.143
MinimumVisualStudioVersion = 10.0.40219.1
Project("{9A19103F-16F7-4668-BE54-9A1E7A4F7556}") = "DAL", "Portfolio.DAL\DAL\DAL.csproj", "{6D3CFE92-CC4E-4CF5-B934-8EFBC979362A}"
EndProject
Project("{9A19103F-16F7-4668-BE54-9A1E7A4F7556}") = "Beheer", "Business\Beheer\Beheer.csproj", "{DCE8F304-160A-47B4-B931-A052D5E26798}"
EndProject
Project("{9A19103F-16F7-4668-BE54-9A1E7A4F7556}") = "PortfolioAPI", "Services\PortfolioAPI\PortfolioAPI.csproj", "{08078B11-45C4-4877-B2D9-3D8E912ACEB6}"
EndProject
Project("{2150E333-8FDC-42A3-9474-1A3956D46DE8}") = "Business", "Business", "{FD49BAC3-158D-43C5-B7C5-B57BCEBAA7E6}"
EndProject
Project("{2150E333-8FDC-42A3-9474-1A3956D46DE8}") = "Services", "Services", "{79C42D76-D2F6-4FAB-83CB-AB93C8A62603}"
EndProject
Project("{2150E333-8FDC-42A3-9474-1A3956D46DE8}") = "Data", "Data", "{36C6E418-8C59-448D-AACE-EA8FABAA92FA}"
EndProject
Project("{FAE04EC0-301F-11D3-BF4B-00C04F79EFBC}") = "Dto", "Services\Dto\Dto.csproj", "{3D6F732A-EE41-40E0-8FAF-E302F428F081}"
EndProject
Global
	GlobalSection(SolutionConfigurationPlatforms) = preSolution
		Debug|Any CPU = Debug|Any CPU
		Release|Any CPU = Release|Any CPU
	EndGlobalSection
	GlobalSection(ProjectConfigurationPlatforms) = postSolution
		{6D3CFE92-CC4E-4CF5-B934-8EFBC979362A}.Debug|Any CPU.ActiveCfg = Debug|Any CPU
		{6D3CFE92-CC4E-4CF5-B934-8EFBC979362A}.Debug|Any CPU.Build.0 = Debug|Any CPU
		{6D3CFE92-CC4E-4CF5-B934-8EFBC979362A}.Release|Any CPU.ActiveCfg = Release|Any CPU
		{6D3CFE92-CC4E-4CF5-B934-8EFBC979362A}.Release|Any CPU.Build.0 = Release|Any CPU
		{DCE8F304-160A-47B4-B931-A052D5E26798}.Debug|Any CPU.ActiveCfg = Debug|Any CPU
		{DCE8F304-160A-47B4-B931-A052D5E26798}.Debug|Any CPU.Build.0 = Debug|Any CPU
		{DCE8F304-160A-47B4-B931-A052D5E26798}.Release|Any CPU.ActiveCfg = Release|Any CPU
		{DCE8F304-160A-47B4-B931-A052D5E26798}.Release|Any CPU.Build.0 = Release|Any CPU
		{08078B11-45C4-4877-B2D9-3D8E912ACEB6}.Debug|Any CPU.ActiveCfg = Debug|Any CPU
		{08078B11-45C4-4877-B2D9-3D8E912ACEB6}.Debug|Any CPU.Build.0 = Debug|Any CPU
		{08078B11-45C4-4877-B2D9-3D8E912ACEB6}.Release|Any CPU.ActiveCfg = Release|Any CPU
		{08078B11-45C4-4877-B2D9-3D8E912ACEB6}.Release|Any CPU.Build.0 = Release|Any CPU
		{3D6F732A-EE41-40E0-8FAF-E302F428F081}.Debug|Any CPU.ActiveCfg = Debug|Any CPU
		{3D6F732A-EE41-40E0-8FAF-E302F428F081}.Debug|Any CPU.Build.0 = Debug|Any CPU
		{3D6F732A-EE41-40E0-8FAF-E302F428F081}.Release|Any CPU.ActiveCfg = Release|Any CPU
		{3D6F732A-EE41-40E0-8FAF-E302F428F081}.Release|Any CPU.Build.0 = Release|Any CPU
	EndGlobalSection
	GlobalSection(SolutionProperties) = preSolution
		HideSolutionNode = FALSE
	EndGlobalSection
	GlobalSection(NestedProjects) = preSolution
		{6D3CFE92-CC4E-4CF5-B934-8EFBC979362A} = {36C6E418-8C59-448D-AACE-EA8FABAA92FA}
		{DCE8F304-160A-47B4-B931-A052D5E26798} = {FD49BAC3-158D-43C5-B7C5-B57BCEBAA7E6}
		{08078B11-45C4-4877-B2D9-3D8E912ACEB6} = {79C42D76-D2F6-4FAB-83CB-AB93C8A62603}
		{3D6F732A-EE41-40E0-8FAF-E302F428F081} = {79C42D76-D2F6-4FAB-83CB-AB93C8A62603}
	EndGlobalSection
	GlobalSection(ExtensibilityGlobals) = postSolution
		SolutionGuid = {8630EB64-455A-43FE-BFE8-9021DDD4862D}
	EndGlobalSection
EndGlobal
