
Microsoft Visual Studio Solution File, Format Version 12.00
# Visual Studio Version 17
VisualStudioVersion = 17.9.34714.143
MinimumVisualStudioVersion = 10.0.40219.1
Project("{FAE04EC0-301F-11D3-BF4B-00C04F79EFBC}") = "DAL", "Portfolio.DAL\DAL\DAL.csproj", "{6D3CFE92-CC4E-4CF5-B934-8EFBC979362A}"
EndProject
Project("{FAE04EC0-301F-11D3-BF4B-00C04F79EFBC}") = "Beheer", "Business\Beheer\Beheer.csproj", "{DCE8F304-160A-47B4-B931-A052D5E26798}"
EndProject
Project("{FAE04EC0-301F-11D3-BF4B-00C04F79EFBC}") = "Dto's", "Services\Dto's\Dto's.csproj", "{732EB483-6E7C-4A92-B2CF-016AF9CE4B88}"
EndProject
Project("{FAE04EC0-301F-11D3-BF4B-00C04F79EFBC}") = "PortfolioAPI", "Services\PortfolioAPI\PortfolioAPI.csproj", "{08078B11-45C4-4877-B2D9-3D8E912ACEB6}"
EndProject
Global
	GlobalSection(SolutionConfigurationPlatforms) = preSolution
		Debug|Any CPU = Debug|Any CPU
		Release|Any CPU = Release|Any CPU
	EndGlobalSection
	GlobalSection(ProjectConfigurationPlatforms) = postSolution
		{6D3CFE92-CC4E-4CF5-B934-8EFBC979362A}.Debug|Any CPU.ActiveCfg = Debug|Any CPU
		{6D3CFE92-CC4E-4CF5-B934-8EFBC979362A}.Debug|Any CPU.Build.0 = Debug|Any CPU
		{6D3CFE92-CC4E-4CF5-B934-8EFBC979362A}.Release|Any CPU.ActiveCfg = Release|Any CPU
		{6D3CFE92-CC4E-4CF5-B934-8EFBC979362A}.Release|Any CPU.Build.0 = Release|Any CPU
		{DCE8F304-160A-47B4-B931-A052D5E26798}.Debug|Any CPU.ActiveCfg = Debug|Any CPU
		{DCE8F304-160A-47B4-B931-A052D5E26798}.Debug|Any CPU.Build.0 = Debug|Any CPU
		{DCE8F304-160A-47B4-B931-A052D5E26798}.Release|Any CPU.ActiveCfg = Release|Any CPU
		{DCE8F304-160A-47B4-B931-A052D5E26798}.Release|Any CPU.Build.0 = Release|Any CPU
		{732EB483-6E7C-4A92-B2CF-016AF9CE4B88}.Debug|Any CPU.ActiveCfg = Debug|Any CPU
		{732EB483-6E7C-4A92-B2CF-016AF9CE4B88}.Debug|Any CPU.Build.0 = Debug|Any CPU
		{732EB483-6E7C-4A92-B2CF-016AF9CE4B88}.Release|Any CPU.ActiveCfg = Release|Any CPU
		{732EB483-6E7C-4A92-B2CF-016AF9CE4B88}.Release|Any CPU.Build.0 = Release|Any CPU
		{08078B11-45C4-4877-B2D9-3D8E912ACEB6}.Debug|Any CPU.ActiveCfg = Debug|Any CPU
		{08078B11-45C4-4877-B2D9-3D8E912ACEB6}.Debug|Any CPU.Build.0 = Debug|Any CPU
		{08078B11-45C4-4877-B2D9-3D8E912ACEB6}.Release|Any CPU.ActiveCfg = Release|Any CPU
		{08078B11-45C4-4877-B2D9-3D8E912ACEB6}.Release|Any CPU.Build.0 = Release|Any CPU
	EndGlobalSection
	GlobalSection(SolutionProperties) = preSolution
		HideSolutionNode = FALSE
	EndGlobalSection
	GlobalSection(ExtensibilityGlobals) = postSolution
		SolutionGuid = {8630EB64-455A-43FE-BFE8-9021DDD4862D}
	EndGlobalSection
EndGlobal
